// !$*UTF8*$!
{
	archiveVersion = 1;
	classes = {
	};
	objectVersion = 52;
	objects = {

/* Begin PBXBuildFile section */
		4FA0B278254F9D5D00221A86 /* PadControllerView.swift in Sources */ = {isa = PBXBuildFile; fileRef = 4FA0B277254F9D5D00221A86 /* PadControllerView.swift */; };
		4FF328D8254CD5CB007BA843 /* xyControllerApp.swift in Sources */ = {isa = PBXBuildFile; fileRef = 4FF328D7254CD5CB007BA843 /* xyControllerApp.swift */; };
		4FF328DA254CD5CB007BA843 /* ContentView.swift in Sources */ = {isa = PBXBuildFile; fileRef = 4FF328D9254CD5CB007BA843 /* ContentView.swift */; };
		4FF328DC254CD5CB007BA843 /* Assets.xcassets in Resources */ = {isa = PBXBuildFile; fileRef = 4FF328DB254CD5CB007BA843 /* Assets.xcassets */; };
		4FF328DF254CD5CB007BA843 /* Preview Assets.xcassets in Resources */ = {isa = PBXBuildFile; fileRef = 4FF328DE254CD5CB007BA843 /* Preview Assets.xcassets */; };
		4FF328E8254CD60F007BA843 /* Conductor.swift in Sources */ = {isa = PBXBuildFile; fileRef = 4FF328E7254CD60F007BA843 /* Conductor.swift */; };
		4FF328EC254CD677007BA843 /* AudioKit in Frameworks */ = {isa = PBXBuildFile; productRef = 4FF328EB254CD677007BA843 /* AudioKit */; };
		4FF328EF254CD869007BA843 /* Pad.swift in Sources */ = {isa = PBXBuildFile; fileRef = 4FF328EE254CD869007BA843 /* Pad.swift */; };
/* End PBXBuildFile section */

/* Begin PBXFileReference section */
		4FA0B277254F9D5D00221A86 /* PadControllerView.swift */ = {isa = PBXFileReference; lastKnownFileType = sourcecode.swift; path = PadControllerView.swift; sourceTree = "<group>"; };
		4FF328D4254CD5CB007BA843 /* xyController.app */ = {isa = PBXFileReference; explicitFileType = wrapper.application; includeInIndex = 0; path = xyController.app; sourceTree = BUILT_PRODUCTS_DIR; };
		4FF328D7254CD5CB007BA843 /* xyControllerApp.swift */ = {isa = PBXFileReference; lastKnownFileType = sourcecode.swift; path = xyControllerApp.swift; sourceTree = "<group>"; };
		4FF328D9254CD5CB007BA843 /* ContentView.swift */ = {isa = PBXFileReference; lastKnownFileType = sourcecode.swift; path = ContentView.swift; sourceTree = "<group>"; };
		4FF328DB254CD5CB007BA843 /* Assets.xcassets */ = {isa = PBXFileReference; lastKnownFileType = folder.assetcatalog; path = Assets.xcassets; sourceTree = "<group>"; };
		4FF328DE254CD5CB007BA843 /* Preview Assets.xcassets */ = {isa = PBXFileReference; lastKnownFileType = folder.assetcatalog; path = "Preview Assets.xcassets"; sourceTree = "<group>"; };
		4FF328E0254CD5CB007BA843 /* Info.plist */ = {isa = PBXFileReference; lastKnownFileType = text.plist.xml; path = Info.plist; sourceTree = "<group>"; };
		4FF328E7254CD60F007BA843 /* Conductor.swift */ = {isa = PBXFileReference; lastKnownFileType = sourcecode.swift; path = Conductor.swift; sourceTree = "<group>"; };
		4FF328EE254CD869007BA843 /* Pad.swift */ = {isa = PBXFileReference; lastKnownFileType = sourcecode.swift; path = Pad.swift; sourceTree = "<group>"; };
/* End PBXFileReference section */

/* Begin PBXFrameworksBuildPhase section */
		4FF328D1254CD5CB007BA843 /* Frameworks */ = {
			isa = PBXFrameworksBuildPhase;
			buildActionMask = 2147483647;
			files = (
				4FF328EC254CD677007BA843 /* AudioKit in Frameworks */,
			);
			runOnlyForDeploymentPostprocessing = 0;
		};
/* End PBXFrameworksBuildPhase section */

/* Begin PBXGroup section */
		4FF328CB254CD5CB007BA843 = {
			isa = PBXGroup;
			children = (
				4FF328D6254CD5CB007BA843 /* xyController */,
				4FF328D5254CD5CB007BA843 /* Products */,
			);
			sourceTree = "<group>";
		};
		4FF328D5254CD5CB007BA843 /* Products */ = {
			isa = PBXGroup;
			children = (
				4FF328D4254CD5CB007BA843 /* xyController.app */,
			);
			name = Products;
			sourceTree = "<group>";
		};
		4FF328D6254CD5CB007BA843 /* xyController */ = {
			isa = PBXGroup;
			children = (
				4FF328D7254CD5CB007BA843 /* xyControllerApp.swift */,
				4FF328D9254CD5CB007BA843 /* ContentView.swift */,
				4FF328DB254CD5CB007BA843 /* Assets.xcassets */,
				4FF328E0254CD5CB007BA843 /* Info.plist */,
				4FF328DD254CD5CB007BA843 /* Preview Content */,
				4FF328E7254CD60F007BA843 /* Conductor.swift */,
				4FF328EE254CD869007BA843 /* Pad.swift */,
				4FA0B277254F9D5D00221A86 /* PadControllerView.swift */,
			);
			path = xyController;
			sourceTree = "<group>";
		};
		4FF328DD254CD5CB007BA843 /* Preview Content */ = {
			isa = PBXGroup;
			children = (
				4FF328DE254CD5CB007BA843 /* Preview Assets.xcassets */,
			);
			path = "Preview Content";
			sourceTree = "<group>";
		};
/* End PBXGroup section */

/* Begin PBXNativeTarget section */
		4FF328D3254CD5CB007BA843 /* xyController */ = {
			isa = PBXNativeTarget;
			buildConfigurationList = 4FF328E3254CD5CB007BA843 /* Build configuration list for PBXNativeTarget "xyController" */;
			buildPhases = (
				4FF328D0254CD5CB007BA843 /* Sources */,
				4FF328D1254CD5CB007BA843 /* Frameworks */,
				4FF328D2254CD5CB007BA843 /* Resources */,
			);
			buildRules = (
			);
			dependencies = (
			);
			name = xyController;
			packageProductDependencies = (
				4FF328EB254CD677007BA843 /* AudioKit */,
			);
			productName = xyController;
			productReference = 4FF328D4254CD5CB007BA843 /* xyController.app */;
			productType = "com.apple.product-type.application";
		};
/* End PBXNativeTarget section */

/* Begin PBXProject section */
		4FF328CC254CD5CB007BA843 /* Project object */ = {
			isa = PBXProject;
			attributes = {
				LastSwiftUpdateCheck = 1200;
				LastUpgradeCheck = 1200;
				TargetAttributes = {
					4FF328D3254CD5CB007BA843 = {
						CreatedOnToolsVersion = 12.0;
					};
				};
			};
			buildConfigurationList = 4FF328CF254CD5CB007BA843 /* Build configuration list for PBXProject "xyController" */;
			compatibilityVersion = "Xcode 9.3";
			developmentRegion = en;
			hasScannedForEncodings = 0;
			knownRegions = (
				en,
				Base,
			);
			mainGroup = 4FF328CB254CD5CB007BA843;
			packageReferences = (
				4FF328EA254CD677007BA843 /* XCRemoteSwiftPackageReference "AudioKit" */,
			);
			productRefGroup = 4FF328D5254CD5CB007BA843 /* Products */;
			projectDirPath = "";
			projectRoot = "";
			targets = (
				4FF328D3254CD5CB007BA843 /* xyController */,
			);
		};
/* End PBXProject section */

/* Begin PBXResourcesBuildPhase section */
		4FF328D2254CD5CB007BA843 /* Resources */ = {
			isa = PBXResourcesBuildPhase;
			buildActionMask = 2147483647;
			files = (
				4FF328DF254CD5CB007BA843 /* Preview Assets.xcassets in Resources */,
				4FF328DC254CD5CB007BA843 /* Assets.xcassets in Resources */,
			);
			runOnlyForDeploymentPostprocessing = 0;
		};
/* End PBXResourcesBuildPhase section */

/* Begin PBXSourcesBuildPhase section */
		4FF328D0254CD5CB007BA843 /* Sources */ = {
			isa = PBXSourcesBuildPhase;
			buildActionMask = 2147483647;
			files = (
				4FA0B278254F9D5D00221A86 /* PadControllerView.swift in Sources */,
				4FF328DA254CD5CB007BA843 /* ContentView.swift in Sources */,
				4FF328EF254CD869007BA843 /* Pad.swift in Sources */,
				4FF328E8254CD60F007BA843 /* Conductor.swift in Sources */,
				4FF328D8254CD5CB007BA843 /* xyControllerApp.swift in Sources */,
			);
			runOnlyForDeploymentPostprocessing = 0;
		};
/* End PBXSourcesBuildPhase section */

/* Begin XCBuildConfiguration section */
		4FF328E1254CD5CB007BA843 /* Debug */ = {
			isa = XCBuildConfiguration;
			buildSettings = {
				ALWAYS_SEARCH_USER_PATHS = NO;
				CLANG_ANALYZER_NONNULL = YES;
				CLANG_ANALYZER_NUMBER_OBJECT_CONVERSION = YES_AGGRESSIVE;
				CLANG_CXX_LANGUAGE_STANDARD = "gnu++14";
				CLANG_CXX_LIBRARY = "libc++";
				CLANG_ENABLE_MODULES = YES;
				CLANG_ENABLE_OBJC_ARC = YES;
				CLANG_ENABLE_OBJC_WEAK = YES;
				CLANG_WARN_BLOCK_CAPTURE_AUTORELEASING = YES;
				CLANG_WARN_BOOL_CONVERSION = YES;
				CLANG_WARN_COMMA = YES;
				CLANG_WARN_CONSTANT_CONVERSION = YES;
				CLANG_WARN_DEPRECATED_OBJC_IMPLEMENTATIONS = YES;
				CLANG_WARN_DIRECT_OBJC_ISA_USAGE = YES_ERROR;
				CLANG_WARN_DOCUMENTATION_COMMENTS = YES;
				CLANG_WARN_EMPTY_BODY = YES;
				CLANG_WARN_ENUM_CONVERSION = YES;
				CLANG_WARN_INFINITE_RECURSION = YES;
				CLANG_WARN_INT_CONVERSION = YES;
				CLANG_WARN_NON_LITERAL_NULL_CONVERSION = YES;
				CLANG_WARN_OBJC_IMPLICIT_RETAIN_SELF = YES;
				CLANG_WARN_OBJC_LITERAL_CONVERSION = YES;
				CLANG_WARN_OBJC_ROOT_CLASS = YES_ERROR;
				CLANG_WARN_QUOTED_INCLUDE_IN_FRAMEWORK_HEADER = YES;
				CLANG_WARN_RANGE_LOOP_ANALYSIS = YES;
				CLANG_WARN_STRICT_PROTOTYPES = YES;
				CLANG_WARN_SUSPICIOUS_MOVE = YES;
				CLANG_WARN_UNGUARDED_AVAILABILITY = YES_AGGRESSIVE;
				CLANG_WARN_UNREACHABLE_CODE = YES;
				CLANG_WARN__DUPLICATE_METHOD_MATCH = YES;
				COPY_PHASE_STRIP = NO;
				DEBUG_INFORMATION_FORMAT = dwarf;
				ENABLE_STRICT_OBJC_MSGSEND = YES;
				ENABLE_TESTABILITY = YES;
				GCC_C_LANGUAGE_STANDARD = gnu11;
				GCC_DYNAMIC_NO_PIC = NO;
				GCC_NO_COMMON_BLOCKS = YES;
				GCC_OPTIMIZATION_LEVEL = 0;
				GCC_PREPROCESSOR_DEFINITIONS = (
					"DEBUG=1",
					"$(inherited)",
				);
				GCC_WARN_64_TO_32_BIT_CONVERSION = YES;
				GCC_WARN_ABOUT_RETURN_TYPE = YES_ERROR;
				GCC_WARN_UNDECLARED_SELECTOR = YES;
				GCC_WARN_UNINITIALIZED_AUTOS = YES_AGGRESSIVE;
				GCC_WARN_UNUSED_FUNCTION = YES;
				GCC_WARN_UNUSED_VARIABLE = YES;
				IPHONEOS_DEPLOYMENT_TARGET = 14.0;
				MTL_ENABLE_DEBUG_INFO = INCLUDE_SOURCE;
				MTL_FAST_MATH = YES;
				ONLY_ACTIVE_ARCH = YES;
				SDKROOT = iphoneos;
				SWIFT_ACTIVE_COMPILATION_CONDITIONS = DEBUG;
				SWIFT_OPTIMIZATION_LEVEL = "-Onone";
			};
			name = Debug;
		};
		4FF328E2254CD5CB007BA843 /* Release */ = {
			isa = XCBuildConfiguration;
			buildSettings = {
				ALWAYS_SEARCH_USER_PATHS = NO;
				CLANG_ANALYZER_NONNULL = YES;
				CLANG_ANALYZER_NUMBER_OBJECT_CONVERSION = YES_AGGRESSIVE;
				CLANG_CXX_LANGUAGE_STANDARD = "gnu++14";
				CLANG_CXX_LIBRARY = "libc++";
				CLANG_ENABLE_MODULES = YES;
				CLANG_ENABLE_OBJC_ARC = YES;
				CLANG_ENABLE_OBJC_WEAK = YES;
				CLANG_WARN_BLOCK_CAPTURE_AUTORELEASING = YES;
				CLANG_WARN_BOOL_CONVERSION = YES;
				CLANG_WARN_COMMA = YES;
				CLANG_WARN_CONSTANT_CONVERSION = YES;
				CLANG_WARN_DEPRECATED_OBJC_IMPLEMENTATIONS = YES;
				CLANG_WARN_DIRECT_OBJC_ISA_USAGE = YES_ERROR;
				CLANG_WARN_DOCUMENTATION_COMMENTS = YES;
				CLANG_WARN_EMPTY_BODY = YES;
				CLANG_WARN_ENUM_CONVERSION = YES;
				CLANG_WARN_INFINITE_RECURSION = YES;
				CLANG_WARN_INT_CONVERSION = YES;
				CLANG_WARN_NON_LITERAL_NULL_CONVERSION = YES;
				CLANG_WARN_OBJC_IMPLICIT_RETAIN_SELF = YES;
				CLANG_WARN_OBJC_LITERAL_CONVERSION = YES;
				CLANG_WARN_OBJC_ROOT_CLASS = YES_ERROR;
				CLANG_WARN_QUOTED_INCLUDE_IN_FRAMEWORK_HEADER = YES;
				CLANG_WARN_RANGE_LOOP_ANALYSIS = YES;
				CLANG_WARN_STRICT_PROTOTYPES = YES;
				CLANG_WARN_SUSPICIOUS_MOVE = YES;
				CLANG_WARN_UNGUARDED_AVAILABILITY = YES_AGGRESSIVE;
				CLANG_WARN_UNREACHABLE_CODE = YES;
				CLANG_WARN__DUPLICATE_METHOD_MATCH = YES;
				COPY_PHASE_STRIP = NO;
				DEBUG_INFORMATION_FORMAT = "dwarf-with-dsym";
				ENABLE_NS_ASSERTIONS = NO;
				ENABLE_STRICT_OBJC_MSGSEND = YES;
				GCC_C_LANGUAGE_STANDARD = gnu11;
				GCC_NO_COMMON_BLOCKS = YES;
				GCC_WARN_64_TO_32_BIT_CONVERSION = YES;
				GCC_WARN_ABOUT_RETURN_TYPE = YES_ERROR;
				GCC_WARN_UNDECLARED_SELECTOR = YES;
				GCC_WARN_UNINITIALIZED_AUTOS = YES_AGGRESSIVE;
				GCC_WARN_UNUSED_FUNCTION = YES;
				GCC_WARN_UNUSED_VARIABLE = YES;
				IPHONEOS_DEPLOYMENT_TARGET = 14.0;
				MTL_ENABLE_DEBUG_INFO = NO;
				MTL_FAST_MATH = YES;
				SDKROOT = iphoneos;
				SWIFT_COMPILATION_MODE = wholemodule;
				SWIFT_OPTIMIZATION_LEVEL = "-O";
				VALIDATE_PRODUCT = YES;
			};
			name = Release;
		};
		4FF328E4254CD5CB007BA843 /* Debug */ = {
			isa = XCBuildConfiguration;
			buildSettings = {
				ASSETCATALOG_COMPILER_APPICON_NAME = AppIcon;
				ASSETCATALOG_COMPILER_GLOBAL_ACCENT_COLOR_NAME = AccentColor;
				CODE_SIGN_STYLE = Automatic;
				DEVELOPMENT_ASSET_PATHS = "\"xyController/Preview Content\"";
				DEVELOPMENT_TEAM = L2FL95P32D;
				ENABLE_PREVIEWS = YES;
				INFOPLIST_FILE = xyController/Info.plist;
				IPHONEOS_DEPLOYMENT_TARGET = 14.0;
				LD_RUNPATH_SEARCH_PATHS = (
					"$(inherited)",
					"@executable_path/Frameworks",
				);
				PRODUCT_BUNDLE_IDENTIFIER = com.MattPfeiffer.xyController;
				PRODUCT_NAME = "$(TARGET_NAME)";
				SWIFT_VERSION = 5.0;
				TARGETED_DEVICE_FAMILY = "1,2";
			};
			name = Debug;
		};
		4FF328E5254CD5CB007BA843 /* Release */ = {
			isa = XCBuildConfiguration;
			buildSettings = {
				ASSETCATALOG_COMPILER_APPICON_NAME = AppIcon;
				ASSETCATALOG_COMPILER_GLOBAL_ACCENT_COLOR_NAME = AccentColor;
				CODE_SIGN_STYLE = Automatic;
				DEVELOPMENT_ASSET_PATHS = "\"xyController/Preview Content\"";
				DEVELOPMENT_TEAM = L2FL95P32D;
				ENABLE_PREVIEWS = YES;
				INFOPLIST_FILE = xyController/Info.plist;
				IPHONEOS_DEPLOYMENT_TARGET = 14.0;
				LD_RUNPATH_SEARCH_PATHS = (
					"$(inherited)",
					"@executable_path/Frameworks",
				);
				PRODUCT_BUNDLE_IDENTIFIER = com.MattPfeiffer.xyController;
				PRODUCT_NAME = "$(TARGET_NAME)";
				SWIFT_VERSION = 5.0;
				TARGETED_DEVICE_FAMILY = "1,2";
			};
			name = Release;
		};
/* End XCBuildConfiguration section */

/* Begin XCConfigurationList section */
		4FF328CF254CD5CB007BA843 /* Build configuration list for PBXProject "xyController" */ = {
			isa = XCConfigurationList;
			buildConfigurations = (
				4FF328E1254CD5CB007BA843 /* Debug */,
				4FF328E2254CD5CB007BA843 /* Release */,
			);
			defaultConfigurationIsVisible = 0;
			defaultConfigurationName = Release;
		};
		4FF328E3254CD5CB007BA843 /* Build configuration list for PBXNativeTarget "xyController" */ = {
			isa = XCConfigurationList;
			buildConfigurations = (
				4FF328E4254CD5CB007BA843 /* Debug */,
				4FF328E5254CD5CB007BA843 /* Release */,
			);
			defaultConfigurationIsVisible = 0;
			defaultConfigurationName = Release;
		};
/* End XCConfigurationList section */

/* Begin XCRemoteSwiftPackageReference section */
		4FF328EA254CD677007BA843 /* XCRemoteSwiftPackageReference "AudioKit" */ = {
			isa = XCRemoteSwiftPackageReference;
			repositoryURL = "https://github.com/AudioKit/AudioKit";
			requirement = {
				branch = "v5-main";
				kind = branch;
			};
		};
/* End XCRemoteSwiftPackageReference section */

/* Begin XCSwiftPackageProductDependency section */
		4FF328EB254CD677007BA843 /* AudioKit */ = {
			isa = XCSwiftPackageProductDependency;
			package = 4FF328EA254CD677007BA843 /* XCRemoteSwiftPackageReference "AudioKit" */;
			productName = AudioKit;
		};
/* End XCSwiftPackageProductDependency section */
	};
	rootObject = 4FF328CC254CD5CB007BA843 /* Project object */;
}
